
Microsoft Visual Studio Solution File, Format Version 12.00
# Visual Studio Version 17
VisualStudioVersion = 17.8.34511.84
MinimumVisualStudioVersion = 10.0.40219.1
Project("{FAE04EC0-301F-11D3-BF4B-00C04F79EFBC}") = "LibrarySystemManagement", "LibrarySystemManagement\LibrarySystemManagement.csproj", "{A863F4BC-FA5A-406F-A357-9261D12CE421}"
EndProject
Global
	GlobalSection(SolutionConfigurationPlatforms) = preSolution
		Debug|Any CPU = Debug|Any CPU
		Release|Any CPU = Release|Any CPU
	EndGlobalSection
	GlobalSection(ProjectConfigurationPlatforms) = postSolution
		{A863F4BC-FA5A-406F-A357-9261D12CE421}.Debug|Any CPU.ActiveCfg = Debug|Any CPU
		{A863F4BC-FA5A-406F-A357-9261D12CE421}.Debug|Any CPU.Build.0 = Debug|Any CPU
		{A863F4BC-FA5A-406F-A357-9261D12CE421}.Release|Any CPU.ActiveCfg = Release|Any CPU
		{A863F4BC-FA5A-406F-A357-9261D12CE421}.Release|Any CPU.Build.0 = Release|Any CPU
	EndGlobalSection
	GlobalSection(SolutionProperties) = preSolution
		HideSolutionNode = FALSE
	EndGlobalSection
	GlobalSection(ExtensibilityGlobals) = postSolution
		SolutionGuid = {8E6282D5-5921-4B5B-BAE3-278758946504}
	EndGlobalSection
EndGlobal
